// !$*UTF8*$!
{
	archiveVersion = 1;
	classes = {
	};
	objectVersion = 46;
	objects = {

/* Begin PBXBuildFile section */
		55941A4E1DEF45AC003EE8A9 /* AppDelegate.swift in Sources */ = {isa = PBXBuildFile; fileRef = 55941A4D1DEF45AC003EE8A9 /* AppDelegate.swift */; };
		55941A501DEF45AC003EE8A9 /* ViewController.swift in Sources */ = {isa = PBXBuildFile; fileRef = 55941A4F1DEF45AC003EE8A9 /* ViewController.swift */; };
		55941A531DEF45AC003EE8A9 /* Main.storyboard in Resources */ = {isa = PBXBuildFile; fileRef = 55941A511DEF45AC003EE8A9 /* Main.storyboard */; };
		55941A551DEF45AC003EE8A9 /* Assets.xcassets in Resources */ = {isa = PBXBuildFile; fileRef = 55941A541DEF45AC003EE8A9 /* Assets.xcassets */; };
		55941A581DEF45AC003EE8A9 /* LaunchScreen.storyboard in Resources */ = {isa = PBXBuildFile; fileRef = 55941A561DEF45AC003EE8A9 /* LaunchScreen.storyboard */; };
		55941A601DEF45F7003EE8A9 /* JSONReader.swift in Sources */ = {isa = PBXBuildFile; fileRef = 55941A5F1DEF45F7003EE8A9 /* JSONReader.swift */; };
		55941A621DEF4687003EE8A9 /* example.json in Resources */ = {isa = PBXBuildFile; fileRef = 55941A611DEF4687003EE8A9 /* example.json */; };
/* End PBXBuildFile section */

/* Begin PBXFileReference section */
		55941A4A1DEF45AC003EE8A9 /* JSON-demo.app */ = {isa = PBXFileReference; explicitFileType = wrapper.application; includeInIndex = 0; path = "JSON-demo.app"; sourceTree = BUILT_PRODUCTS_DIR; };
		55941A4D1DEF45AC003EE8A9 /* AppDelegate.swift */ = {isa = PBXFileReference; lastKnownFileType = sourcecode.swift; path = AppDelegate.swift; sourceTree = "<group>"; };
		55941A4F1DEF45AC003EE8A9 /* ViewController.swift */ = {isa = PBXFileReference; lastKnownFileType = sourcecode.swift; path = ViewController.swift; sourceTree = "<group>"; };
		55941A521DEF45AC003EE8A9 /* Base */ = {isa = PBXFileReference; lastKnownFileType = file.storyboard; name = Base; path = Base.lproj/Main.storyboard; sourceTree = "<group>"; };
		55941A541DEF45AC003EE8A9 /* Assets.xcassets */ = {isa = PBXFileReference; lastKnownFileType = folder.assetcatalog; path = Assets.xcassets; sourceTree = "<group>"; };
		55941A571DEF45AC003EE8A9 /* Base */ = {isa = PBXFileReference; lastKnownFileType = file.storyboard; name = Base; path = Base.lproj/LaunchScreen.storyboard; sourceTree = "<group>"; };
		55941A591DEF45AC003EE8A9 /* Info.plist */ = {isa = PBXFileReference; lastKnownFileType = text.plist.xml; path = Info.plist; sourceTree = "<group>"; };
		55941A5F1DEF45F7003EE8A9 /* JSONReader.swift */ = {isa = PBXFileReference; fileEncoding = 4; lastKnownFileType = sourcecode.swift; path = JSONReader.swift; sourceTree = "<group>"; };
		55941A611DEF4687003EE8A9 /* example.json */ = {isa = PBXFileReference; fileEncoding = 4; lastKnownFileType = text.json; path = example.json; sourceTree = "<group>"; };
/* End PBXFileReference section */

/* Begin PBXFrameworksBuildPhase section */
		55941A471DEF45AB003EE8A9 /* Frameworks */ = {
			isa = PBXFrameworksBuildPhase;
			buildActionMask = 2147483647;
			files = (
			);
			runOnlyForDeploymentPostprocessing = 0;
		};
/* End PBXFrameworksBuildPhase section */

/* Begin PBXGroup section */
		55941A411DEF45AB003EE8A9 = {
			isa = PBXGroup;
			children = (
				55941A4C1DEF45AC003EE8A9 /* JSON-demo */,
				55941A4B1DEF45AC003EE8A9 /* Products */,
			);
			sourceTree = "<group>";
		};
		55941A4B1DEF45AC003EE8A9 /* Products */ = {
			isa = PBXGroup;
			children = (
				55941A4A1DEF45AC003EE8A9 /* JSON-demo.app */,
			);
			name = Products;
			sourceTree = "<group>";
		};
		55941A4C1DEF45AC003EE8A9 /* JSON-demo */ = {
			isa = PBXGroup;
			children = (
				55941A611DEF4687003EE8A9 /* example.json */,
				55941A4D1DEF45AC003EE8A9 /* AppDelegate.swift */,
				55941A4F1DEF45AC003EE8A9 /* ViewController.swift */,
				55941A511DEF45AC003EE8A9 /* Main.storyboard */,
				55941A541DEF45AC003EE8A9 /* Assets.xcassets */,
				55941A561DEF45AC003EE8A9 /* LaunchScreen.storyboard */,
				55941A591DEF45AC003EE8A9 /* Info.plist */,
				55941A5F1DEF45F7003EE8A9 /* JSONReader.swift */,
			);
			path = "JSON-demo";
			sourceTree = "<group>";
		};
/* End PBXGroup section */

/* Begin PBXNativeTarget section */
		55941A491DEF45AB003EE8A9 /* JSON-demo */ = {
			isa = PBXNativeTarget;
			buildConfigurationList = 55941A5C1DEF45AC003EE8A9 /* Build configuration list for PBXNativeTarget "JSON-demo" */;
			buildPhases = (
				55941A461DEF45AB003EE8A9 /* Sources */,
				55941A471DEF45AB003EE8A9 /* Frameworks */,
				55941A481DEF45AB003EE8A9 /* Resources */,
			);
			buildRules = (
			);
			dependencies = (
			);
			name = "JSON-demo";
			productName = "JSON-demo";
			productReference = 55941A4A1DEF45AC003EE8A9 /* JSON-demo.app */;
			productType = "com.apple.product-type.application";
		};
/* End PBXNativeTarget section */

/* Begin PBXProject section */
		55941A421DEF45AB003EE8A9 /* Project object */ = {
			isa = PBXProject;
			attributes = {
				LastSwiftUpdateCheck = 0810;
				LastUpgradeCheck = 0810;
				ORGANIZATIONNAME = "Nikolas Burk";
				TargetAttributes = {
					55941A491DEF45AB003EE8A9 = {
						CreatedOnToolsVersion = 8.1;
						ProvisioningStyle = Automatic;
					};
				};
			};
			buildConfigurationList = 55941A451DEF45AB003EE8A9 /* Build configuration list for PBXProject "JSON-demo" */;
			compatibilityVersion = "Xcode 3.2";
			developmentRegion = English;
			hasScannedForEncodings = 0;
			knownRegions = (
				en,
				Base,
			);
			mainGroup = 55941A411DEF45AB003EE8A9;
			productRefGroup = 55941A4B1DEF45AC003EE8A9 /* Products */;
			projectDirPath = "";
			projectRoot = "";
			targets = (
				55941A491DEF45AB003EE8A9 /* JSON-demo */,
			);
		};
/* End PBXProject section */

/* Begin PBXResourcesBuildPhase section */
		55941A481DEF45AB003EE8A9 /* Resources */ = {
			isa = PBXResourcesBuildPhase;
			buildActionMask = 2147483647;
			files = (
				55941A621DEF4687003EE8A9 /* example.json in Resources */,
				55941A581DEF45AC003EE8A9 /* LaunchScreen.storyboard in Resources */,
				55941A551DEF45AC003EE8A9 /* Assets.xcassets in Resources */,
				55941A531DEF45AC003EE8A9 /* Main.storyboard in Resources */,
			);
			runOnlyForDeploymentPostprocessing = 0;
		};
/* End PBXResourcesBuildPhase section */

/* Begin PBXSourcesBuildPhase section */
		55941A461DEF45AB003EE8A9 /* Sources */ = {
			isa = PBXSourcesBuildPhase;
			buildActionMask = 2147483647;
			files = (
				55941A501DEF45AC003EE8A9 /* ViewController.swift in Sources */,
				55941A601DEF45F7003EE8A9 /* JSONReader.swift in Sources */,
				55941A4E1DEF45AC003EE8A9 /* AppDelegate.swift in Sources */,
			);
			runOnlyForDeploymentPostprocessing = 0;
		};
/* End PBXSourcesBuildPhase section */

/* Begin PBXVariantGroup section */
		55941A511DEF45AC003EE8A9 /* Main.storyboard */ = {
			isa = PBXVariantGroup;
			children = (
				55941A521DEF45AC003EE8A9 /* Base */,
			);
			name = Main.storyboard;
			sourceTree = "<group>";
		};
		55941A561DEF45AC003EE8A9 /* LaunchScreen.storyboard */ = {
			isa = PBXVariantGroup;
			children = (
				55941A571DEF45AC003EE8A9 /* Base */,
			);
			name = LaunchScreen.storyboard;
			sourceTree = "<group>";
		};
/* End PBXVariantGroup section */

/* Begin XCBuildConfiguration section */
		55941A5A1DEF45AC003EE8A9 /* Debug */ = {
			isa = XCBuildConfiguration;
			buildSettings = {
				ALWAYS_SEARCH_USER_PATHS = NO;
				CLANG_ANALYZER_NONNULL = YES;
				CLANG_CXX_LANGUAGE_STANDARD = "gnu++0x";
				CLANG_CXX_LIBRARY = "libc++";
				CLANG_ENABLE_MODULES = YES;
				CLANG_ENABLE_OBJC_ARC = YES;
				CLANG_WARN_BOOL_CONVERSION = YES;
				CLANG_WARN_CONSTANT_CONVERSION = YES;
				CLANG_WARN_DIRECT_OBJC_ISA_USAGE = YES_ERROR;
				CLANG_WARN_DOCUMENTATION_COMMENTS = YES;
				CLANG_WARN_EMPTY_BODY = YES;
				CLANG_WARN_ENUM_CONVERSION = YES;
				CLANG_WARN_INFINITE_RECURSION = YES;
				CLANG_WARN_INT_CONVERSION = YES;
				CLANG_WARN_OBJC_ROOT_CLASS = YES_ERROR;
				CLANG_WARN_SUSPICIOUS_MOVES = YES;
				CLANG_WARN_UNREACHABLE_CODE = YES;
				CLANG_WARN__DUPLICATE_METHOD_MATCH = YES;
				"CODE_SIGN_IDENTITY[sdk=iphoneos*]" = "iPhone Developer";
				COPY_PHASE_STRIP = NO;
				DEBUG_INFORMATION_FORMAT = dwarf;
				ENABLE_STRICT_OBJC_MSGSEND = YES;
				ENABLE_TESTABILITY = YES;
				GCC_C_LANGUAGE_STANDARD = gnu99;
				GCC_DYNAMIC_NO_PIC = NO;
				GCC_NO_COMMON_BLOCKS = YES;
				GCC_OPTIMIZATION_LEVEL = 0;
				GCC_PREPROCESSOR_DEFINITIONS = (
					"DEBUG=1",
					"$(inherited)",
				);
				GCC_WARN_64_TO_32_BIT_CONVERSION = YES;
				GCC_WARN_ABOUT_RETURN_TYPE = YES_ERROR;
				GCC_WARN_UNDECLARED_SELECTOR = YES;
				GCC_WARN_UNINITIALIZED_AUTOS = YES_AGGRESSIVE;
				GCC_WARN_UNUSED_FUNCTION = YES;
				GCC_WARN_UNUSED_VARIABLE = YES;
				IPHONEOS_DEPLOYMENT_TARGET = 10.1;
				MTL_ENABLE_DEBUG_INFO = YES;
				ONLY_ACTIVE_ARCH = YES;
				SDKROOT = iphoneos;
				SWIFT_ACTIVE_COMPILATION_CONDITIONS = DEBUG;
				SWIFT_OPTIMIZATION_LEVEL = "-Onone";
			};
			name = Debug;
		};
		55941A5B1DEF45AC003EE8A9 /* Release */ = {
			isa = XCBuildConfiguration;
			buildSettings = {
				ALWAYS_SEARCH_USER_PATHS = NO;
				CLANG_ANALYZER_NONNULL = YES;
				CLANG_CXX_LANGUAGE_STANDARD = "gnu++0x";
				CLANG_CXX_LIBRARY = "libc++";
				CLANG_ENABLE_MODULES = YES;
				CLANG_ENABLE_OBJC_ARC = YES;
				CLANG_WARN_BOOL_CONVERSION = YES;
				CLANG_WARN_CONSTANT_CONVERSION = YES;
				CLANG_WARN_DIRECT_OBJC_ISA_USAGE = YES_ERROR;
				CLANG_WARN_DOCUMENTATION_COMMENTS = YES;
				CLANG_WARN_EMPTY_BODY = YES;
				CLANG_WARN_ENUM_CONVERSION = YES;
				CLANG_WARN_INFINITE_RECURSION = YES;
				CLANG_WARN_INT_CONVERSION = YES;
				CLANG_WARN_OBJC_ROOT_CLASS = YES_ERROR;
				CLANG_WARN_SUSPICIOUS_MOVES = YES;
				CLANG_WARN_UNREACHABLE_CODE = YES;
				CLANG_WARN__DUPLICATE_METHOD_MATCH = YES;
				"CODE_SIGN_IDENTITY[sdk=iphoneos*]" = "iPhone Developer";
				COPY_PHASE_STRIP = NO;
				DEBUG_INFORMATION_FORMAT = "dwarf-with-dsym";
				ENABLE_NS_ASSERTIONS = NO;
				ENABLE_STRICT_OBJC_MSGSEND = YES;
				GCC_C_LANGUAGE_STANDARD = gnu99;
				GCC_NO_COMMON_BLOCKS = YES;
				GCC_WARN_64_TO_32_BIT_CONVERSION = YES;
				GCC_WARN_ABOUT_RETURN_TYPE = YES_ERROR;
				GCC_WARN_UNDECLARED_SELECTOR = YES;
				GCC_WARN_UNINITIALIZED_AUTOS = YES_AGGRESSIVE;
				GCC_WARN_UNUSED_FUNCTION = YES;
				GCC_WARN_UNUSED_VARIABLE = YES;
				IPHONEOS_DEPLOYMENT_TARGET = 10.1;
				MTL_ENABLE_DEBUG_INFO = NO;
				SDKROOT = iphoneos;
				SWIFT_OPTIMIZATION_LEVEL = "-Owholemodule";
				VALIDATE_PRODUCT = YES;
			};
			name = Release;
		};
		55941A5D1DEF45AC003EE8A9 /* Debug */ = {
			isa = XCBuildConfiguration;
			buildSettings = {
				ASSETCATALOG_COMPILER_APPICON_NAME = AppIcon;
				INFOPLIST_FILE = "JSON-demo/Info.plist";
				LD_RUNPATH_SEARCH_PATHS = "$(inherited) @executable_path/Frameworks";
				PRODUCT_BUNDLE_IDENTIFIER = "com.makeschool.nikolasburk.JSON-demo";
				PRODUCT_NAME = "$(TARGET_NAME)";
				SWIFT_VERSION = 3.0;
			};
			name = Debug;
		};
		55941A5E1DEF45AC003EE8A9 /* Release */ = {
			isa = XCBuildConfiguration;
			buildSettings = {
				ASSETCATALOG_COMPILER_APPICON_NAME = AppIcon;
				INFOPLIST_FILE = "JSON-demo/Info.plist";
				LD_RUNPATH_SEARCH_PATHS = "$(inherited) @executable_path/Frameworks";
				PRODUCT_BUNDLE_IDENTIFIER = "com.makeschool.nikolasburk.JSON-demo";
				PRODUCT_NAME = "$(TARGET_NAME)";
				SWIFT_VERSION = 3.0;
			};
			name = Release;
		};
/* End XCBuildConfiguration section */

/* Begin XCConfigurationList section */
		55941A451DEF45AB003EE8A9 /* Build configuration list for PBXProject "JSON-demo" */ = {
			isa = XCConfigurationList;
			buildConfigurations = (
				55941A5A1DEF45AC003EE8A9 /* Debug */,
				55941A5B1DEF45AC003EE8A9 /* Release */,
			);
			defaultConfigurationIsVisible = 0;
			defaultConfigurationName = Release;
		};
		55941A5C1DEF45AC003EE8A9 /* Build configuration list for PBXNativeTarget "JSON-demo" */ = {
			isa = XCConfigurationList;
			buildConfigurations = (
				55941A5D1DEF45AC003EE8A9 /* Debug */,
				55941A5E1DEF45AC003EE8A9 /* Release */,
			);
			defaultConfigurationIsVisible = 0;
		};
/* End XCConfigurationList section */
	};
	rootObject = 55941A421DEF45AB003EE8A9 /* Project object */;
}
